{
  "version": 4,
  "terraform_version": "1.5.0",
  "serial": 54,
  "lineage": "f8c83186-cb5e-1f19-91e1-8fe4f9959d21",
  "outputs": {},
  "resources": [
    {
      "mode": "data",
      "type": "vcd_catalog",
      "name": "my-tmpl-cat",
      "provider": "provider[\"registry.terraform.io/vmware/vcd\"]",
      "instances": [
        {
          "schema_version": 0,
          "attributes": {
            "cache_enabled": null,
            "catalog_version": 8,
            "created": "2023-06-08T10:40:15.702+07:00",
            "description": "",
            "filter": null,
            "href": "https://54e.accessin.cloud/api/admin/catalog/79c29ba0-f551-4402-bde2-40ee2f143ea9",
            "id": "urn:vcloud:catalog:79c29ba0-f551-4402-bde2-40ee2f143ea9",
            "is_local": true,
            "is_published": false,
            "is_shared": false,
            "media_item_list": [],
            "metadata": {},
            "metadata_entry": [],
            "name": "forTerraform",
            "number_of_media": 0,
            "number_of_vapp_templates": 2,
            "org": "Cortel_Kraft_test",
            "owner_name": "kraft",
            "preserve_identity_information": null,
            "publish_enabled": null,
            "publish_subscription_type": "UNPUBLISHED",
            "publish_subscription_url": null,
            "storage_profile_id": null,
            "vapp_template_list": [
              "Ubuntu_22_04_server",
              "vm-1"
            ]
          },
          "sensitive_attributes": []
        }
      ]
    },
    {
      "mode": "data",
      "type": "vcd_catalog_vapp_template",
      "name": "vappTmpl",
      "provider": "provider[\"registry.terraform.io/vmware/vcd\"]",
      "instances": [
        {
          "schema_version": 0,
          "attributes": {
            "catalog_id": "urn:vcloud:catalog:79c29ba0-f551-4402-bde2-40ee2f143ea9",
            "created": "2023-06-15T15:07:36.284+07:00",
            "description": "",
            "filter": null,
            "id": "urn:vcloud:vapptemplate:78c2180e-c12b-4688-8791-5fe9fd21fe14",
            "metadata": {
              "vapp.origin.id": "b7526a24-7126-40cc-b612-32ee139d35af",
              "vapp.origin.name": "vm-def8e640-ccb9-41ce-ac87-947a3c6d1aaf",
              "vapp.origin.type": "com.vmware.vcloud.entity.vapp"
            },
            "metadata_entry": [
              {
                "is_system": true,
                "key": "vapp.origin.id",
                "type": "MetadataStringValue",
                "user_access": "READONLY",
                "value": "b7526a24-7126-40cc-b612-32ee139d35af"
              },
              {
                "is_system": true,
                "key": "vapp.origin.name",
                "type": "MetadataStringValue",
                "user_access": "READONLY",
                "value": "vm-def8e640-ccb9-41ce-ac87-947a3c6d1aaf"
              },
              {
                "is_system": true,
                "key": "vapp.origin.type",
                "type": "MetadataStringValue",
                "user_access": "READONLY",
                "value": "com.vmware.vcloud.entity.vapp"
              }
            ],
            "name": "vm-1",
            "org": "Cortel_Kraft_test",
            "vdc_id": "urn:vcloud:vdc:48f4c41d-800e-46ff-9d4c-df947cf77d87",
            "vm_names": [
              "vm"
            ]
          },
          "sensitive_attributes": []
        }
      ]
    },
    {
      "mode": "managed",
      "type": "vcd_network_isolated",
      "name": "net",
      "provider": "provider[\"registry.terraform.io/vmware/vcd\"]",
      "instances": [
        {
          "schema_version": 0,
          "attributes": {
            "description": "",
            "dhcp_pool": [],
            "dns1": "1.1.1.1",
            "dns2": "",
            "dns_suffix": "",
            "gateway": "192.168.0.1",
            "href": "https://54e.accessin.cloud/api/network/6ac125b1-fd19-49bc-9d34-1028de6dced3",
            "id": "urn:vcloud:network:6ac125b1-fd19-49bc-9d34-1028de6dced3",
            "metadata": {},
            "metadata_entry": [],
            "name": "test_net02",
            "netmask": "255.255.255.0",
            "org": "Cortel_Kraft_test",
            "shared": false,
            "static_ip_pool": [
              {
                "end_address": "192.168.0.250",
                "start_address": "192.168.0.2"
              }
            ],
            "vdc": "Cortel_Kraft_test"
          },
          "sensitive_attributes": [],
          "private": "bnVsbA=="
        }
      ]
    },
    {
      "mode": "managed",
      "type": "vcd_vm",
      "name": "vm-1",
      "provider": "provider[\"registry.terraform.io/vmware/vcd\"]",
      "instances": [
        {
          "index_key": 0,
          "schema_version": 0,
          "attributes": {
            "accept_all_eulas": true,
            "boot_image": null,
            "boot_image_id": null,
            "catalog_name": null,
            "computer_name": "ubuntu",
            "cpu_cores": 2,
            "cpu_hot_add_enabled": false,
            "cpu_limit": null,
            "cpu_priority": "",
            "cpu_reservation": null,
            "cpu_shares": null,
            "cpus": 2,
            "customization": [
              {
                "admin_password": "password",
                "allow_local_admin_password": true,
                "auto_generate_password": false,
                "change_sid": false,
                "enabled": true,
                "force": false,
                "initscript": "",
                "join_domain": false,
                "join_domain_account_ou": "",
                "join_domain_name": "",
                "join_domain_password": "",
                "join_domain_user": "",
                "join_org_domain": false,
                "must_change_password_on_first_login": false,
                "number_of_auto_logons": 0
              }
            ],
            "description": "",
            "disk": [],
            "expose_hardware_virtualization": false,
            "guest_properties": null,
            "hardware_version": "vmx-19",
            "href": "https://54e.accessin.cloud/api/vApp/vm-f989508c-0821-438b-9520-3777dc4894a5",
            "id": "urn:vcloud:vm:f989508c-0821-438b-9520-3777dc4894a5",
            "internal_disk": [
              {
                "bus_number": 0,
                "bus_type": "parallel",
                "disk_id": "2000",
                "iops": 0,
                "size_in_mb": 10240,
                "storage_profile": "VCD SSD",
                "thin_provisioned": true,
                "unit_number": 0
              }
            ],
            "memory": 2048,
            "memory_hot_add_enabled": false,
            "memory_limit": null,
            "memory_priority": "",
            "memory_reservation": null,
            "memory_shares": null,
            "metadata": {},
            "metadata_entry": [],
            "name": "vm",
            "network": [],
            "network_dhcp_wait_seconds": null,
            "org": null,
            "os_type": "ubuntu64Guest",
            "override_template_disk": [],
            "placement_policy_id": "",
            "power_on": true,
            "prevent_update_power_off": false,
            "security_tags": [],
            "sizing_policy_id": "urn:vcloud:vdcComputePolicy:2188b625-d261-43a7-87e3-f67ca559c8cc",
            "status": 4,
            "status_text": "POWERED_ON",
            "storage_profile": "VCD SSD",
            "template_name": null,
            "vapp_name": "vm-b98d4911-29c1-4d31-b837-ee27ce4ce05e",
            "vapp_template_id": "urn:vcloud:vapptemplate:78c2180e-c12b-4688-8791-5fe9fd21fe14",
            "vdc": null,
            "vm_name_in_template": null,
            "vm_type": "vcd_vm"
          },
          "sensitive_attributes": [],
          "private": "bnVsbA==",
          "dependencies": [
            "data.vcd_catalog_vapp_template.vappTmpl",
            "vcd_network_isolated.net"
          ]
        }
      ]
    }
  ],
  "check_results": null
}
